
Microsoft Visual Studio Solution File, Format Version 12.00
# Visual Studio 14
VisualStudioVersion = 14.0.25420.1
MinimumVisualStudioVersion = 10.0.40219.1
Project("{FAE04EC0-301F-11D3-BF4B-00C04F79EFBC}") = "Wpf_Tecaj", "Wpf_Tecaj\Wpf_Tecaj.csproj", "{CA9F9081-1FEE-4631-8DF8-007F87DC0226}"
EndProject
Global
	GlobalSection(SolutionConfigurationPlatforms) = preSolution
		Debug|Any CPU = Debug|Any CPU
		Release|Any CPU = Release|Any CPU
	EndGlobalSection
	GlobalSection(ProjectConfigurationPlatforms) = postSolution
		{CA9F9081-1FEE-4631-8DF8-007F87DC0226}.Debug|Any CPU.ActiveCfg = Debug|Any CPU
		{CA9F9081-1FEE-4631-8DF8-007F87DC0226}.Debug|Any CPU.Build.0 = Debug|Any CPU
		{CA9F9081-1FEE-4631-8DF8-007F87DC0226}.Release|Any CPU.ActiveCfg = Release|Any CPU
		{CA9F9081-1FEE-4631-8DF8-007F87DC0226}.Release|Any CPU.Build.0 = Release|Any CPU
	EndGlobalSection
	GlobalSection(SolutionProperties) = preSolution
		HideSolutionNode = FALSE
	EndGlobalSection
EndGlobal
